
Microsoft Visual Studio Solution File, Format Version 12.00
# Visual Studio 14
VisualStudioVersion = 14.0.23107.0
MinimumVisualStudioVersion = 10.0.40219.1
Project("{8BC9CEB8-8B4A-11D0-8D11-00A0C91BC942}") = "Microsoft.Maker.Firmata", "remote-wiring-develop\Microsoft.Maker.win10\Microsoft.Maker.Firmata\Microsoft.Maker.Firmata.vcxproj", "{F0A53BC9-C617-47DD-8B68-F91E3502D633}"
EndProject
Project("{8BC9CEB8-8B4A-11D0-8D11-00A0C91BC942}") = "Microsoft.Maker.RemoteWiring", "remote-wiring-develop\Microsoft.Maker.win10\Microsoft.Maker.RemoteWiring\Microsoft.Maker.RemoteWiring.vcxproj", "{5A8B1BB1-7CD5-47C4-A1F7-D7BCF5FACAD1}"
EndProject
Project("{8BC9CEB8-8B4A-11D0-8D11-00A0C91BC942}") = "Microsoft.Maker.Serial", "remote-wiring-develop\Microsoft.Maker.win10\Microsoft.Maker.Serial\Microsoft.Maker.Serial.vcxproj", "{8376216C-282A-4927-B9EF-C2D545FE0BCA}"
EndProject
Project("{FAE04EC0-301F-11D3-BF4B-00C04F79EFBC}") = "connectthedots csharp website with highcharts", "connectthedots c# website with highcharts\ConnectTheDotsWebSite\connectthedots csharp website with highcharts.csproj", "{2E3E7496-59D5-48BC-909E-207120886E3E}"
EndProject
Project("{9092AA53-FB77-4645-B42D-1CCCA6BD08BD}") = "connectthedots nodejs website with highcharts", "connectthedots nodejs website with highcharts\connectthedots nodejs website with highcharts.njsproj", "{7EF54571-2A87-430D-AB93-CB4FD4BF15EB}"
EndProject
Project("{FAE04EC0-301F-11D3-BF4B-00C04F79EFBC}") = "connectthedotsservice csharp MsBand sender", "connectthedotsservice  c# MsBand sender\Sensors\Sensors.WindowsPhone\connectthedotsservice csharp MsBand sender.csproj", "{C8AA56B8-716D-4CBF-947A-C2231F6A3613}"
EndProject
Project("{FAE04EC0-301F-11D3-BF4B-00C04F79EFBC}") = "connectthedotsservice csharp serialport sender", "connectthedotsservice c# serialport sender\connectthedotsservice\connectthedotsservice csharp serialport sender.csproj", "{547896FC-A24F-4AFC-9655-ED6AFA8CEB07}"
EndProject
Project("{9092AA53-FB77-4645-B42D-1CCCA6BD08BD}") = "connectthedotsservice nodejs serialport sender", "connectthedotsservice nodejs serialport sender\connectthedotsservice nodejs serialport sender.njsproj", "{4A741730-40E4-4CA4-8290-E2FF0830DF9C}"
EndProject
Project("{888888A0-9F3D-457C-B088-3A5042F75D52}") = "connectthedotsservice Python sender - Mac or RPi", "connectthedotsservice Python sender - Mac or RPi\connectthedotsservice Python sender - Mac or RPi.pyproj", "{B5C7688A-0E3F-4AC8-B491-18D96B4E1529}"
EndProject
Project("{888888A0-9F3D-457C-B088-3A5042F75D52}") = "connectthedotsservice Python sender - SSH", "connectthedotsservice Python sender - SSH\connectthedotsservice Python sender - SSH.pyproj", "{9529420A-4722-4E8C-8D85-B7617364420D}"
EndProject
Project("{FAE04EC0-301F-11D3-BF4B-00C04F79EFBC}") = "connectthedotsservice RPi2 headed app - GPIO", "connectthedotsservice RPi2 headed app - GPIO\connectthedotsservice RPi2 headed app - GPIO.csproj", "{445A78ED-B3A9-4594-91D7-87E9372B192F}"
EndProject
Project("{FAE04EC0-301F-11D3-BF4B-00C04F79EFBC}") = "connectthedotsservice RPi2 headed app - Serial", "connectthedotsservice RPi2 headed app - Serial\connectthedotsservice RPi2 headed app - Serial.csproj", "{1441B880-C549-4341-A2AB-0D2547168344}"
EndProject
Project("{D954291E-2A0B-460D-934E-DC6B0785DB48}") = "connectthedotsservice csharp MsBand.shared", "connectthedotsservice  c# MsBand sender\Sensors\Sensors.Shared\connectthedotsservice csharp MsBand.shared.shproj", "{C628A594-0F2D-4E1E-AE32-3C2E424A56A3}"
EndProject
Project("{8BC9CEB8-8B4A-11D0-8D11-00A0C91BC942}") = "connectthedots arduino sketch", "connectthedots arduino sketch\connectthedots arduino sketch.vcxproj", "{56AFB48A-757D-4D14-A001-E5F92EC4EE66}"
EndProject
Project("{2150E333-8FDC-42A3-9474-1A3956D46DE8}") = "Solution Items", "Solution Items", "{E43916DC-211D-4B3F-B4E5-0BC904974E1F}"
	ProjectSection(SolutionItems) = preProject
		GettingStarted.md = GettingStarted.md
		Introduction.md = Introduction.md
		readme.md = readme.md
		SupportedDevices.md = SupportedDevices.md
	EndProjectSection
EndProject
Project("{2150E333-8FDC-42A3-9474-1A3956D46DE8}") = "images", "images", "{E5312D79-993D-46E1-A337-66E9F90F944E}"
	ProjectSection(SolutionItems) = preProject
		images\Architecture.png = images\Architecture.png
		images\Arduino-Pi-IoT.jpg = images\Arduino-Pi-IoT.jpg
		images\ConnectTheDots-architecture.png = images\ConnectTheDots-architecture.png
		images\ConnectTheDots-Temp-and-Hmdt-Architecture.png = images\ConnectTheDots-Temp-and-Hmdt-Architecture.png
		images\CTD-logo-v5-02.png = images\CTD-logo-v5-02.png
		images\WebsiteCapture.jpg = images\WebsiteCapture.jpg
	EndProjectSection
EndProject
Project("{2150E333-8FDC-42A3-9474-1A3956D46DE8}") = "StreamAnalyticsQueries", "StreamAnalyticsQueries", "{D61183C0-2B15-4742-A73E-C6B502D3D61D}"
	ProjectSection(SolutionItems) = preProject
		StreamAnalyticsQueries\Aggregates.sql = StreamAnalyticsQueries\Aggregates.sql
		StreamAnalyticsQueries\Alert.sql = StreamAnalyticsQueries\Alert.sql
		StreamAnalyticsQueries\AzureStreamAnalyticsQuery.png = StreamAnalyticsQueries\AzureStreamAnalyticsQuery.png
		StreamAnalyticsQueries\cg4pbi.sql = StreamAnalyticsQueries\cg4pbi.sql
		StreamAnalyticsQueries\LightSensor.sql = StreamAnalyticsQueries\LightSensor.sql
		StreamAnalyticsQueries\SA_setup.md = StreamAnalyticsQueries\SA_setup.md
		StreamAnalyticsQueries\SameContainerWarning.jpg = StreamAnalyticsQueries\SameContainerWarning.jpg
	EndProjectSection
EndProject
Global
	GlobalSection(SharedMSBuildProjectFiles) = preSolution
		connectthedotsservice  c# MsBand sender\Sensors\Sensors.Shared\Sensors.Shared.projitems*{c628a594-0f2d-4e1e-ae32-3c2e424a56a3}*SharedItemsImports = 13
		connectthedotsservice  c# MsBand sender\Sensors\Sensors.Shared\Sensors.Shared.projitems*{c8aa56b8-716d-4cbf-947a-c2231f6a3613}*SharedItemsImports = 4
	EndGlobalSection
	GlobalSection(SolutionConfigurationPlatforms) = preSolution
		Debug|Any CPU = Debug|Any CPU
		Debug|ARM = Debug|ARM
		Debug|x64 = Debug|x64
		Debug|x86 = Debug|x86
		Raspberry PI 2|Any CPU = Raspberry PI 2|Any CPU
		Raspberry PI 2|ARM = Raspberry PI 2|ARM
		Raspberry PI 2|x64 = Raspberry PI 2|x64
		Raspberry PI 2|x86 = Raspberry PI 2|x86
		Release|Any CPU = Release|Any CPU
		Release|ARM = Release|ARM
		Release|x64 = Release|x64
		Release|x86 = Release|x86
	EndGlobalSection
	GlobalSection(ProjectConfigurationPlatforms) = postSolution
		{F0A53BC9-C617-47DD-8B68-F91E3502D633}.Debug|Any CPU.ActiveCfg = Debug|Win32
		{F0A53BC9-C617-47DD-8B68-F91E3502D633}.Debug|ARM.ActiveCfg = Debug|ARM
		{F0A53BC9-C617-47DD-8B68-F91E3502D633}.Debug|ARM.Build.0 = Debug|ARM
		{F0A53BC9-C617-47DD-8B68-F91E3502D633}.Debug|x64.ActiveCfg = Debug|x64
		{F0A53BC9-C617-47DD-8B68-F91E3502D633}.Debug|x64.Build.0 = Debug|x64
		{F0A53BC9-C617-47DD-8B68-F91E3502D633}.Debug|x86.ActiveCfg = Debug|Win32
		{F0A53BC9-C617-47DD-8B68-F91E3502D633}.Debug|x86.Build.0 = Debug|Win32
		{F0A53BC9-C617-47DD-8B68-F91E3502D633}.Raspberry PI 2|Any CPU.ActiveCfg = Release|x64
		{F0A53BC9-C617-47DD-8B68-F91E3502D633}.Raspberry PI 2|Any CPU.Build.0 = Release|x64
		{F0A53BC9-C617-47DD-8B68-F91E3502D633}.Raspberry PI 2|ARM.ActiveCfg = Release|ARM
		{F0A53BC9-C617-47DD-8B68-F91E3502D633}.Raspberry PI 2|ARM.Build.0 = Release|ARM
		{F0A53BC9-C617-47DD-8B68-F91E3502D633}.Raspberry PI 2|x64.ActiveCfg = Release|x64
		{F0A53BC9-C617-47DD-8B68-F91E3502D633}.Raspberry PI 2|x64.Build.0 = Release|x64
		{F0A53BC9-C617-47DD-8B68-F91E3502D633}.Raspberry PI 2|x86.ActiveCfg = Release|Win32
		{F0A53BC9-C617-47DD-8B68-F91E3502D633}.Raspberry PI 2|x86.Build.0 = Release|Win32
		{F0A53BC9-C617-47DD-8B68-F91E3502D633}.Release|Any CPU.ActiveCfg = Release|Win32
		{F0A53BC9-C617-47DD-8B68-F91E3502D633}.Release|ARM.ActiveCfg = Release|ARM
		{F0A53BC9-C617-47DD-8B68-F91E3502D633}.Release|ARM.Build.0 = Release|ARM
		{F0A53BC9-C617-47DD-8B68-F91E3502D633}.Release|x64.ActiveCfg = Release|x64
		{F0A53BC9-C617-47DD-8B68-F91E3502D633}.Release|x64.Build.0 = Release|x64
		{F0A53BC9-C617-47DD-8B68-F91E3502D633}.Release|x86.ActiveCfg = Release|Win32
		{F0A53BC9-C617-47DD-8B68-F91E3502D633}.Release|x86.Build.0 = Release|Win32
		{5A8B1BB1-7CD5-47C4-A1F7-D7BCF5FACAD1}.Debug|Any CPU.ActiveCfg = Debug|Win32
		{5A8B1BB1-7CD5-47C4-A1F7-D7BCF5FACAD1}.Debug|ARM.ActiveCfg = Debug|ARM
		{5A8B1BB1-7CD5-47C4-A1F7-D7BCF5FACAD1}.Debug|ARM.Build.0 = Debug|ARM
		{5A8B1BB1-7CD5-47C4-A1F7-D7BCF5FACAD1}.Debug|x64.ActiveCfg = Debug|x64
		{5A8B1BB1-7CD5-47C4-A1F7-D7BCF5FACAD1}.Debug|x64.Build.0 = Debug|x64
		{5A8B1BB1-7CD5-47C4-A1F7-D7BCF5FACAD1}.Debug|x86.ActiveCfg = Debug|Win32
		{5A8B1BB1-7CD5-47C4-A1F7-D7BCF5FACAD1}.Debug|x86.Build.0 = Debug|Win32
		{5A8B1BB1-7CD5-47C4-A1F7-D7BCF5FACAD1}.Raspberry PI 2|Any CPU.ActiveCfg = Release|x64
		{5A8B1BB1-7CD5-47C4-A1F7-D7BCF5FACAD1}.Raspberry PI 2|Any CPU.Build.0 = Release|x64
		{5A8B1BB1-7CD5-47C4-A1F7-D7BCF5FACAD1}.Raspberry PI 2|ARM.ActiveCfg = Release|ARM
		{5A8B1BB1-7CD5-47C4-A1F7-D7BCF5FACAD1}.Raspberry PI 2|ARM.Build.0 = Release|ARM
		{5A8B1BB1-7CD5-47C4-A1F7-D7BCF5FACAD1}.Raspberry PI 2|x64.ActiveCfg = Release|x64
		{5A8B1BB1-7CD5-47C4-A1F7-D7BCF5FACAD1}.Raspberry PI 2|x64.Build.0 = Release|x64
		{5A8B1BB1-7CD5-47C4-A1F7-D7BCF5FACAD1}.Raspberry PI 2|x86.ActiveCfg = Release|Win32
		{5A8B1BB1-7CD5-47C4-A1F7-D7BCF5FACAD1}.Raspberry PI 2|x86.Build.0 = Release|Win32
		{5A8B1BB1-7CD5-47C4-A1F7-D7BCF5FACAD1}.Release|Any CPU.ActiveCfg = Release|Win32
		{5A8B1BB1-7CD5-47C4-A1F7-D7BCF5FACAD1}.Release|ARM.ActiveCfg = Release|ARM
		{5A8B1BB1-7CD5-47C4-A1F7-D7BCF5FACAD1}.Release|ARM.Build.0 = Release|ARM
		{5A8B1BB1-7CD5-47C4-A1F7-D7BCF5FACAD1}.Release|x64.ActiveCfg = Release|x64
		{5A8B1BB1-7CD5-47C4-A1F7-D7BCF5FACAD1}.Release|x64.Build.0 = Release|x64
		{5A8B1BB1-7CD5-47C4-A1F7-D7BCF5FACAD1}.Release|x86.ActiveCfg = Release|Win32
		{5A8B1BB1-7CD5-47C4-A1F7-D7BCF5FACAD1}.Release|x86.Build.0 = Release|Win32
		{8376216C-282A-4927-B9EF-C2D545FE0BCA}.Debug|Any CPU.ActiveCfg = Debug|Win32
		{8376216C-282A-4927-B9EF-C2D545FE0BCA}.Debug|ARM.ActiveCfg = Debug|ARM
		{8376216C-282A-4927-B9EF-C2D545FE0BCA}.Debug|ARM.Build.0 = Debug|ARM
		{8376216C-282A-4927-B9EF-C2D545FE0BCA}.Debug|x64.ActiveCfg = Debug|x64
		{8376216C-282A-4927-B9EF-C2D545FE0BCA}.Debug|x64.Build.0 = Debug|x64
		{8376216C-282A-4927-B9EF-C2D545FE0BCA}.Debug|x86.ActiveCfg = Debug|Win32
		{8376216C-282A-4927-B9EF-C2D545FE0BCA}.Debug|x86.Build.0 = Debug|Win32
		{8376216C-282A-4927-B9EF-C2D545FE0BCA}.Raspberry PI 2|Any CPU.ActiveCfg = Release|x64
		{8376216C-282A-4927-B9EF-C2D545FE0BCA}.Raspberry PI 2|Any CPU.Build.0 = Release|x64
		{8376216C-282A-4927-B9EF-C2D545FE0BCA}.Raspberry PI 2|ARM.ActiveCfg = Release|ARM
		{8376216C-282A-4927-B9EF-C2D545FE0BCA}.Raspberry PI 2|ARM.Build.0 = Release|ARM
		{8376216C-282A-4927-B9EF-C2D545FE0BCA}.Raspberry PI 2|x64.ActiveCfg = Release|x64
		{8376216C-282A-4927-B9EF-C2D545FE0BCA}.Raspberry PI 2|x64.Build.0 = Release|x64
		{8376216C-282A-4927-B9EF-C2D545FE0BCA}.Raspberry PI 2|x86.ActiveCfg = Release|Win32
		{8376216C-282A-4927-B9EF-C2D545FE0BCA}.Raspberry PI 2|x86.Build.0 = Release|Win32
		{8376216C-282A-4927-B9EF-C2D545FE0BCA}.Release|Any CPU.ActiveCfg = Release|Win32
		{8376216C-282A-4927-B9EF-C2D545FE0BCA}.Release|ARM.ActiveCfg = Release|ARM
		{8376216C-282A-4927-B9EF-C2D545FE0BCA}.Release|ARM.Build.0 = Release|ARM
		{8376216C-282A-4927-B9EF-C2D545FE0BCA}.Release|x64.ActiveCfg = Release|x64
		{8376216C-282A-4927-B9EF-C2D545FE0BCA}.Release|x64.Build.0 = Release|x64
		{8376216C-282A-4927-B9EF-C2D545FE0BCA}.Release|x86.ActiveCfg = Release|Win32
		{8376216C-282A-4927-B9EF-C2D545FE0BCA}.Release|x86.Build.0 = Release|Win32
		{2E3E7496-59D5-48BC-909E-207120886E3E}.Debug|Any CPU.ActiveCfg = Debug|Any CPU
		{2E3E7496-59D5-48BC-909E-207120886E3E}.Debug|Any CPU.Build.0 = Debug|Any CPU
		{2E3E7496-59D5-48BC-909E-207120886E3E}.Debug|ARM.ActiveCfg = Debug|Any CPU
		{2E3E7496-59D5-48BC-909E-207120886E3E}.Debug|ARM.Build.0 = Debug|Any CPU
		{2E3E7496-59D5-48BC-909E-207120886E3E}.Debug|x64.ActiveCfg = Debug|Any CPU
		{2E3E7496-59D5-48BC-909E-207120886E3E}.Debug|x64.Build.0 = Debug|Any CPU
		{2E3E7496-59D5-48BC-909E-207120886E3E}.Debug|x86.ActiveCfg = Debug|Any CPU
		{2E3E7496-59D5-48BC-909E-207120886E3E}.Debug|x86.Build.0 = Debug|Any CPU
		{2E3E7496-59D5-48BC-909E-207120886E3E}.Raspberry PI 2|Any CPU.ActiveCfg = Release|Any CPU
		{2E3E7496-59D5-48BC-909E-207120886E3E}.Raspberry PI 2|Any CPU.Build.0 = Release|Any CPU
		{2E3E7496-59D5-48BC-909E-207120886E3E}.Raspberry PI 2|ARM.ActiveCfg = Release|Any CPU
		{2E3E7496-59D5-48BC-909E-207120886E3E}.Raspberry PI 2|ARM.Build.0 = Release|Any CPU
		{2E3E7496-59D5-48BC-909E-207120886E3E}.Raspberry PI 2|x64.ActiveCfg = Release|Any CPU
		{2E3E7496-59D5-48BC-909E-207120886E3E}.Raspberry PI 2|x64.Build.0 = Release|Any CPU
		{2E3E7496-59D5-48BC-909E-207120886E3E}.Raspberry PI 2|x86.ActiveCfg = Release|Any CPU
		{2E3E7496-59D5-48BC-909E-207120886E3E}.Raspberry PI 2|x86.Build.0 = Release|Any CPU
		{2E3E7496-59D5-48BC-909E-207120886E3E}.Release|Any CPU.ActiveCfg = Release|Any CPU
		{2E3E7496-59D5-48BC-909E-207120886E3E}.Release|Any CPU.Build.0 = Release|Any CPU
		{2E3E7496-59D5-48BC-909E-207120886E3E}.Release|ARM.ActiveCfg = Release|Any CPU
		{2E3E7496-59D5-48BC-909E-207120886E3E}.Release|ARM.Build.0 = Release|Any CPU
		{2E3E7496-59D5-48BC-909E-207120886E3E}.Release|x64.ActiveCfg = Release|Any CPU
		{2E3E7496-59D5-48BC-909E-207120886E3E}.Release|x64.Build.0 = Release|Any CPU
		{2E3E7496-59D5-48BC-909E-207120886E3E}.Release|x86.ActiveCfg = Release|Any CPU
		{2E3E7496-59D5-48BC-909E-207120886E3E}.Release|x86.Build.0 = Release|Any CPU
		{7EF54571-2A87-430D-AB93-CB4FD4BF15EB}.Debug|Any CPU.ActiveCfg = Debug|Any CPU
		{7EF54571-2A87-430D-AB93-CB4FD4BF15EB}.Debug|Any CPU.Build.0 = Debug|Any CPU
		{7EF54571-2A87-430D-AB93-CB4FD4BF15EB}.Debug|ARM.ActiveCfg = Debug|Any CPU
		{7EF54571-2A87-430D-AB93-CB4FD4BF15EB}.Debug|ARM.Build.0 = Debug|Any CPU
		{7EF54571-2A87-430D-AB93-CB4FD4BF15EB}.Debug|x64.ActiveCfg = Debug|Any CPU
		{7EF54571-2A87-430D-AB93-CB4FD4BF15EB}.Debug|x64.Build.0 = Debug|Any CPU
		{7EF54571-2A87-430D-AB93-CB4FD4BF15EB}.Debug|x86.ActiveCfg = Debug|Any CPU
		{7EF54571-2A87-430D-AB93-CB4FD4BF15EB}.Debug|x86.Build.0 = Debug|Any CPU
		{7EF54571-2A87-430D-AB93-CB4FD4BF15EB}.Raspberry PI 2|Any CPU.ActiveCfg = Release|Any CPU
		{7EF54571-2A87-430D-AB93-CB4FD4BF15EB}.Raspberry PI 2|Any CPU.Build.0 = Release|Any CPU
		{7EF54571-2A87-430D-AB93-CB4FD4BF15EB}.Raspberry PI 2|ARM.ActiveCfg = Release|Any CPU
		{7EF54571-2A87-430D-AB93-CB4FD4BF15EB}.Raspberry PI 2|ARM.Build.0 = Release|Any CPU
		{7EF54571-2A87-430D-AB93-CB4FD4BF15EB}.Raspberry PI 2|x64.ActiveCfg = Release|Any CPU
		{7EF54571-2A87-430D-AB93-CB4FD4BF15EB}.Raspberry PI 2|x64.Build.0 = Release|Any CPU
		{7EF54571-2A87-430D-AB93-CB4FD4BF15EB}.Raspberry PI 2|x86.ActiveCfg = Release|Any CPU
		{7EF54571-2A87-430D-AB93-CB4FD4BF15EB}.Raspberry PI 2|x86.Build.0 = Release|Any CPU
		{7EF54571-2A87-430D-AB93-CB4FD4BF15EB}.Release|Any CPU.ActiveCfg = Release|Any CPU
		{7EF54571-2A87-430D-AB93-CB4FD4BF15EB}.Release|Any CPU.Build.0 = Release|Any CPU
		{7EF54571-2A87-430D-AB93-CB4FD4BF15EB}.Release|ARM.ActiveCfg = Release|Any CPU
		{7EF54571-2A87-430D-AB93-CB4FD4BF15EB}.Release|ARM.Build.0 = Release|Any CPU
		{7EF54571-2A87-430D-AB93-CB4FD4BF15EB}.Release|x64.ActiveCfg = Release|Any CPU
		{7EF54571-2A87-430D-AB93-CB4FD4BF15EB}.Release|x64.Build.0 = Release|Any CPU
		{7EF54571-2A87-430D-AB93-CB4FD4BF15EB}.Release|x86.ActiveCfg = Release|Any CPU
		{7EF54571-2A87-430D-AB93-CB4FD4BF15EB}.Release|x86.Build.0 = Release|Any CPU
		{C8AA56B8-716D-4CBF-947A-C2231F6A3613}.Debug|Any CPU.ActiveCfg = Debug|Any CPU
		{C8AA56B8-716D-4CBF-947A-C2231F6A3613}.Debug|Any CPU.Build.0 = Debug|Any CPU
		{C8AA56B8-716D-4CBF-947A-C2231F6A3613}.Debug|Any CPU.Deploy.0 = Debug|Any CPU
		{C8AA56B8-716D-4CBF-947A-C2231F6A3613}.Debug|ARM.ActiveCfg = Debug|ARM
		{C8AA56B8-716D-4CBF-947A-C2231F6A3613}.Debug|ARM.Build.0 = Debug|ARM
		{C8AA56B8-716D-4CBF-947A-C2231F6A3613}.Debug|ARM.Deploy.0 = Debug|ARM
		{C8AA56B8-716D-4CBF-947A-C2231F6A3613}.Debug|x64.ActiveCfg = Debug|Any CPU
		{C8AA56B8-716D-4CBF-947A-C2231F6A3613}.Debug|x64.Build.0 = Debug|Any CPU
		{C8AA56B8-716D-4CBF-947A-C2231F6A3613}.Debug|x64.Deploy.0 = Debug|Any CPU
		{C8AA56B8-716D-4CBF-947A-C2231F6A3613}.Debug|x86.ActiveCfg = Debug|x86
		{C8AA56B8-716D-4CBF-947A-C2231F6A3613}.Debug|x86.Build.0 = Debug|x86
		{C8AA56B8-716D-4CBF-947A-C2231F6A3613}.Debug|x86.Deploy.0 = Debug|x86
		{C8AA56B8-716D-4CBF-947A-C2231F6A3613}.Raspberry PI 2|Any CPU.ActiveCfg = Release|Any CPU
		{C8AA56B8-716D-4CBF-947A-C2231F6A3613}.Raspberry PI 2|Any CPU.Build.0 = Release|Any CPU
		{C8AA56B8-716D-4CBF-947A-C2231F6A3613}.Raspberry PI 2|Any CPU.Deploy.0 = Release|Any CPU
		{C8AA56B8-716D-4CBF-947A-C2231F6A3613}.Raspberry PI 2|ARM.ActiveCfg = Release|ARM
		{C8AA56B8-716D-4CBF-947A-C2231F6A3613}.Raspberry PI 2|ARM.Build.0 = Release|ARM
		{C8AA56B8-716D-4CBF-947A-C2231F6A3613}.Raspberry PI 2|ARM.Deploy.0 = Release|ARM
		{C8AA56B8-716D-4CBF-947A-C2231F6A3613}.Raspberry PI 2|x64.ActiveCfg = Release|Any CPU
		{C8AA56B8-716D-4CBF-947A-C2231F6A3613}.Raspberry PI 2|x64.Build.0 = Release|Any CPU
		{C8AA56B8-716D-4CBF-947A-C2231F6A3613}.Raspberry PI 2|x64.Deploy.0 = Release|Any CPU
		{C8AA56B8-716D-4CBF-947A-C2231F6A3613}.Raspberry PI 2|x86.ActiveCfg = Release|x86
		{C8AA56B8-716D-4CBF-947A-C2231F6A3613}.Raspberry PI 2|x86.Build.0 = Release|x86
		{C8AA56B8-716D-4CBF-947A-C2231F6A3613}.Raspberry PI 2|x86.Deploy.0 = Release|x86
		{C8AA56B8-716D-4CBF-947A-C2231F6A3613}.Release|Any CPU.ActiveCfg = Release|Any CPU
		{C8AA56B8-716D-4CBF-947A-C2231F6A3613}.Release|Any CPU.Build.0 = Release|Any CPU
		{C8AA56B8-716D-4CBF-947A-C2231F6A3613}.Release|Any CPU.Deploy.0 = Release|Any CPU
		{C8AA56B8-716D-4CBF-947A-C2231F6A3613}.Release|ARM.ActiveCfg = Release|ARM
		{C8AA56B8-716D-4CBF-947A-C2231F6A3613}.Release|ARM.Build.0 = Release|ARM
		{C8AA56B8-716D-4CBF-947A-C2231F6A3613}.Release|ARM.Deploy.0 = Release|ARM
		{C8AA56B8-716D-4CBF-947A-C2231F6A3613}.Release|x64.ActiveCfg = Release|Any CPU
		{C8AA56B8-716D-4CBF-947A-C2231F6A3613}.Release|x64.Build.0 = Release|Any CPU
		{C8AA56B8-716D-4CBF-947A-C2231F6A3613}.Release|x64.Deploy.0 = Release|Any CPU
		{C8AA56B8-716D-4CBF-947A-C2231F6A3613}.Release|x86.ActiveCfg = Release|x86
		{C8AA56B8-716D-4CBF-947A-C2231F6A3613}.Release|x86.Build.0 = Release|x86
		{C8AA56B8-716D-4CBF-947A-C2231F6A3613}.Release|x86.Deploy.0 = Release|x86
		{547896FC-A24F-4AFC-9655-ED6AFA8CEB07}.Debug|Any CPU.ActiveCfg = Debug|Any CPU
		{547896FC-A24F-4AFC-9655-ED6AFA8CEB07}.Debug|Any CPU.Build.0 = Debug|Any CPU
		{547896FC-A24F-4AFC-9655-ED6AFA8CEB07}.Debug|ARM.ActiveCfg = Debug|Any CPU
		{547896FC-A24F-4AFC-9655-ED6AFA8CEB07}.Debug|ARM.Build.0 = Debug|Any CPU
		{547896FC-A24F-4AFC-9655-ED6AFA8CEB07}.Debug|x64.ActiveCfg = Debug|Any CPU
		{547896FC-A24F-4AFC-9655-ED6AFA8CEB07}.Debug|x64.Build.0 = Debug|Any CPU
		{547896FC-A24F-4AFC-9655-ED6AFA8CEB07}.Debug|x86.ActiveCfg = Debug|Any CPU
		{547896FC-A24F-4AFC-9655-ED6AFA8CEB07}.Debug|x86.Build.0 = Debug|Any CPU
		{547896FC-A24F-4AFC-9655-ED6AFA8CEB07}.Raspberry PI 2|Any CPU.ActiveCfg = Release|Any CPU
		{547896FC-A24F-4AFC-9655-ED6AFA8CEB07}.Raspberry PI 2|Any CPU.Build.0 = Release|Any CPU
		{547896FC-A24F-4AFC-9655-ED6AFA8CEB07}.Raspberry PI 2|ARM.ActiveCfg = Release|Any CPU
		{547896FC-A24F-4AFC-9655-ED6AFA8CEB07}.Raspberry PI 2|ARM.Build.0 = Release|Any CPU
		{547896FC-A24F-4AFC-9655-ED6AFA8CEB07}.Raspberry PI 2|x64.ActiveCfg = Release|Any CPU
		{547896FC-A24F-4AFC-9655-ED6AFA8CEB07}.Raspberry PI 2|x64.Build.0 = Release|Any CPU
		{547896FC-A24F-4AFC-9655-ED6AFA8CEB07}.Raspberry PI 2|x86.ActiveCfg = Release|Any CPU
		{547896FC-A24F-4AFC-9655-ED6AFA8CEB07}.Raspberry PI 2|x86.Build.0 = Release|Any CPU
		{547896FC-A24F-4AFC-9655-ED6AFA8CEB07}.Release|Any CPU.ActiveCfg = Release|Any CPU
		{547896FC-A24F-4AFC-9655-ED6AFA8CEB07}.Release|Any CPU.Build.0 = Release|Any CPU
		{547896FC-A24F-4AFC-9655-ED6AFA8CEB07}.Release|ARM.ActiveCfg = Release|Any CPU
		{547896FC-A24F-4AFC-9655-ED6AFA8CEB07}.Release|ARM.Build.0 = Release|Any CPU
		{547896FC-A24F-4AFC-9655-ED6AFA8CEB07}.Release|x64.ActiveCfg = Release|Any CPU
		{547896FC-A24F-4AFC-9655-ED6AFA8CEB07}.Release|x64.Build.0 = Release|Any CPU
		{547896FC-A24F-4AFC-9655-ED6AFA8CEB07}.Release|x86.ActiveCfg = Release|Any CPU
		{547896FC-A24F-4AFC-9655-ED6AFA8CEB07}.Release|x86.Build.0 = Release|Any CPU
		{4A741730-40E4-4CA4-8290-E2FF0830DF9C}.Debug|Any CPU.ActiveCfg = Debug|Any CPU
		{4A741730-40E4-4CA4-8290-E2FF0830DF9C}.Debug|Any CPU.Build.0 = Debug|Any CPU
		{4A741730-40E4-4CA4-8290-E2FF0830DF9C}.Debug|ARM.ActiveCfg = Debug|Any CPU
		{4A741730-40E4-4CA4-8290-E2FF0830DF9C}.Debug|ARM.Build.0 = Debug|Any CPU
		{4A741730-40E4-4CA4-8290-E2FF0830DF9C}.Debug|x64.ActiveCfg = Debug|Any CPU
		{4A741730-40E4-4CA4-8290-E2FF0830DF9C}.Debug|x64.Build.0 = Debug|Any CPU
		{4A741730-40E4-4CA4-8290-E2FF0830DF9C}.Debug|x86.ActiveCfg = Debug|Any CPU
		{4A741730-40E4-4CA4-8290-E2FF0830DF9C}.Debug|x86.Build.0 = Debug|Any CPU
		{4A741730-40E4-4CA4-8290-E2FF0830DF9C}.Raspberry PI 2|Any CPU.ActiveCfg = Release|Any CPU
		{4A741730-40E4-4CA4-8290-E2FF0830DF9C}.Raspberry PI 2|Any CPU.Build.0 = Release|Any CPU
		{4A741730-40E4-4CA4-8290-E2FF0830DF9C}.Raspberry PI 2|ARM.ActiveCfg = Release|Any CPU
		{4A741730-40E4-4CA4-8290-E2FF0830DF9C}.Raspberry PI 2|ARM.Build.0 = Release|Any CPU
		{4A741730-40E4-4CA4-8290-E2FF0830DF9C}.Raspberry PI 2|x64.ActiveCfg = Release|Any CPU
		{4A741730-40E4-4CA4-8290-E2FF0830DF9C}.Raspberry PI 2|x64.Build.0 = Release|Any CPU
		{4A741730-40E4-4CA4-8290-E2FF0830DF9C}.Raspberry PI 2|x86.ActiveCfg = Release|Any CPU
		{4A741730-40E4-4CA4-8290-E2FF0830DF9C}.Raspberry PI 2|x86.Build.0 = Release|Any CPU
		{4A741730-40E4-4CA4-8290-E2FF0830DF9C}.Release|Any CPU.ActiveCfg = Release|Any CPU
		{4A741730-40E4-4CA4-8290-E2FF0830DF9C}.Release|Any CPU.Build.0 = Release|Any CPU
		{4A741730-40E4-4CA4-8290-E2FF0830DF9C}.Release|ARM.ActiveCfg = Release|Any CPU
		{4A741730-40E4-4CA4-8290-E2FF0830DF9C}.Release|ARM.Build.0 = Release|Any CPU
		{4A741730-40E4-4CA4-8290-E2FF0830DF9C}.Release|x64.ActiveCfg = Release|Any CPU
		{4A741730-40E4-4CA4-8290-E2FF0830DF9C}.Release|x64.Build.0 = Release|Any CPU
		{4A741730-40E4-4CA4-8290-E2FF0830DF9C}.Release|x86.ActiveCfg = Release|Any CPU
		{4A741730-40E4-4CA4-8290-E2FF0830DF9C}.Release|x86.Build.0 = Release|Any CPU
		{B5C7688A-0E3F-4AC8-B491-18D96B4E1529}.Debug|Any CPU.ActiveCfg = Debug|Any CPU
		{B5C7688A-0E3F-4AC8-B491-18D96B4E1529}.Debug|ARM.ActiveCfg = Debug|Any CPU
		{B5C7688A-0E3F-4AC8-B491-18D96B4E1529}.Debug|x64.ActiveCfg = Debug|Any CPU
		{B5C7688A-0E3F-4AC8-B491-18D96B4E1529}.Debug|x86.ActiveCfg = Debug|Any CPU
		{B5C7688A-0E3F-4AC8-B491-18D96B4E1529}.Raspberry PI 2|Any CPU.ActiveCfg = Release|Any CPU
		{B5C7688A-0E3F-4AC8-B491-18D96B4E1529}.Raspberry PI 2|ARM.ActiveCfg = Release|Any CPU
		{B5C7688A-0E3F-4AC8-B491-18D96B4E1529}.Raspberry PI 2|x64.ActiveCfg = Release|Any CPU
		{B5C7688A-0E3F-4AC8-B491-18D96B4E1529}.Raspberry PI 2|x86.ActiveCfg = Release|Any CPU
		{B5C7688A-0E3F-4AC8-B491-18D96B4E1529}.Release|Any CPU.ActiveCfg = Release|Any CPU
		{B5C7688A-0E3F-4AC8-B491-18D96B4E1529}.Release|ARM.ActiveCfg = Release|Any CPU
		{B5C7688A-0E3F-4AC8-B491-18D96B4E1529}.Release|x64.ActiveCfg = Release|Any CPU
		{B5C7688A-0E3F-4AC8-B491-18D96B4E1529}.Release|x86.ActiveCfg = Release|Any CPU
		{9529420A-4722-4E8C-8D85-B7617364420D}.Debug|Any CPU.ActiveCfg = Debug|Any CPU
		{9529420A-4722-4E8C-8D85-B7617364420D}.Debug|ARM.ActiveCfg = Debug|Any CPU
		{9529420A-4722-4E8C-8D85-B7617364420D}.Debug|x64.ActiveCfg = Debug|Any CPU
		{9529420A-4722-4E8C-8D85-B7617364420D}.Debug|x86.ActiveCfg = Debug|Any CPU
		{9529420A-4722-4E8C-8D85-B7617364420D}.Raspberry PI 2|Any CPU.ActiveCfg = Release|Any CPU
		{9529420A-4722-4E8C-8D85-B7617364420D}.Raspberry PI 2|ARM.ActiveCfg = Release|Any CPU
		{9529420A-4722-4E8C-8D85-B7617364420D}.Raspberry PI 2|x64.ActiveCfg = Release|Any CPU
		{9529420A-4722-4E8C-8D85-B7617364420D}.Raspberry PI 2|x86.ActiveCfg = Release|Any CPU
		{9529420A-4722-4E8C-8D85-B7617364420D}.Release|Any CPU.ActiveCfg = Release|Any CPU
		{9529420A-4722-4E8C-8D85-B7617364420D}.Release|ARM.ActiveCfg = Release|Any CPU
		{9529420A-4722-4E8C-8D85-B7617364420D}.Release|x64.ActiveCfg = Release|Any CPU
		{9529420A-4722-4E8C-8D85-B7617364420D}.Release|x86.ActiveCfg = Release|Any CPU
		{445A78ED-B3A9-4594-91D7-87E9372B192F}.Debug|Any CPU.ActiveCfg = Debug|x86
		{445A78ED-B3A9-4594-91D7-87E9372B192F}.Debug|ARM.ActiveCfg = Debug|ARM
		{445A78ED-B3A9-4594-91D7-87E9372B192F}.Debug|ARM.Build.0 = Debug|ARM
		{445A78ED-B3A9-4594-91D7-87E9372B192F}.Debug|ARM.Deploy.0 = Debug|ARM
		{445A78ED-B3A9-4594-91D7-87E9372B192F}.Debug|x64.ActiveCfg = Debug|x64
		{445A78ED-B3A9-4594-91D7-87E9372B192F}.Debug|x64.Build.0 = Debug|x64
		{445A78ED-B3A9-4594-91D7-87E9372B192F}.Debug|x64.Deploy.0 = Debug|x64
		{445A78ED-B3A9-4594-91D7-87E9372B192F}.Debug|x86.ActiveCfg = Debug|x86
		{445A78ED-B3A9-4594-91D7-87E9372B192F}.Debug|x86.Build.0 = Debug|x86
		{445A78ED-B3A9-4594-91D7-87E9372B192F}.Debug|x86.Deploy.0 = Debug|x86
		{445A78ED-B3A9-4594-91D7-87E9372B192F}.Raspberry PI 2|Any CPU.ActiveCfg = Release|x86
		{445A78ED-B3A9-4594-91D7-87E9372B192F}.Raspberry PI 2|Any CPU.Build.0 = Release|x86
		{445A78ED-B3A9-4594-91D7-87E9372B192F}.Raspberry PI 2|Any CPU.Deploy.0 = Release|x86
		{445A78ED-B3A9-4594-91D7-87E9372B192F}.Raspberry PI 2|ARM.ActiveCfg = Release|ARM
		{445A78ED-B3A9-4594-91D7-87E9372B192F}.Raspberry PI 2|ARM.Build.0 = Release|ARM
		{445A78ED-B3A9-4594-91D7-87E9372B192F}.Raspberry PI 2|ARM.Deploy.0 = Release|ARM
		{445A78ED-B3A9-4594-91D7-87E9372B192F}.Raspberry PI 2|x64.ActiveCfg = Release|x64
		{445A78ED-B3A9-4594-91D7-87E9372B192F}.Raspberry PI 2|x64.Build.0 = Release|x64
		{445A78ED-B3A9-4594-91D7-87E9372B192F}.Raspberry PI 2|x64.Deploy.0 = Release|x64
		{445A78ED-B3A9-4594-91D7-87E9372B192F}.Raspberry PI 2|x86.ActiveCfg = Release|x86
		{445A78ED-B3A9-4594-91D7-87E9372B192F}.Raspberry PI 2|x86.Build.0 = Release|x86
		{445A78ED-B3A9-4594-91D7-87E9372B192F}.Raspberry PI 2|x86.Deploy.0 = Release|x86
		{445A78ED-B3A9-4594-91D7-87E9372B192F}.Release|Any CPU.ActiveCfg = Release|x86
		{445A78ED-B3A9-4594-91D7-87E9372B192F}.Release|ARM.ActiveCfg = Release|ARM
		{445A78ED-B3A9-4594-91D7-87E9372B192F}.Release|ARM.Build.0 = Release|ARM
		{445A78ED-B3A9-4594-91D7-87E9372B192F}.Release|ARM.Deploy.0 = Release|ARM
		{445A78ED-B3A9-4594-91D7-87E9372B192F}.Release|x64.ActiveCfg = Release|x64
		{445A78ED-B3A9-4594-91D7-87E9372B192F}.Release|x64.Build.0 = Release|x64
		{445A78ED-B3A9-4594-91D7-87E9372B192F}.Release|x64.Deploy.0 = Release|x64
		{445A78ED-B3A9-4594-91D7-87E9372B192F}.Release|x86.ActiveCfg = Release|x86
		{445A78ED-B3A9-4594-91D7-87E9372B192F}.Release|x86.Build.0 = Release|x86
		{445A78ED-B3A9-4594-91D7-87E9372B192F}.Release|x86.Deploy.0 = Release|x86
		{1441B880-C549-4341-A2AB-0D2547168344}.Debug|Any CPU.ActiveCfg = Debug|x86
		{1441B880-C549-4341-A2AB-0D2547168344}.Debug|ARM.ActiveCfg = Debug|ARM
		{1441B880-C549-4341-A2AB-0D2547168344}.Debug|ARM.Build.0 = Debug|ARM
		{1441B880-C549-4341-A2AB-0D2547168344}.Debug|ARM.Deploy.0 = Debug|ARM
		{1441B880-C549-4341-A2AB-0D2547168344}.Debug|x64.ActiveCfg = Debug|x64
		{1441B880-C549-4341-A2AB-0D2547168344}.Debug|x64.Build.0 = Debug|x64
		{1441B880-C549-4341-A2AB-0D2547168344}.Debug|x64.Deploy.0 = Debug|x64
		{1441B880-C549-4341-A2AB-0D2547168344}.Debug|x86.ActiveCfg = Debug|x86
		{1441B880-C549-4341-A2AB-0D2547168344}.Debug|x86.Build.0 = Debug|x86
		{1441B880-C549-4341-A2AB-0D2547168344}.Debug|x86.Deploy.0 = Debug|x86
		{1441B880-C549-4341-A2AB-0D2547168344}.Raspberry PI 2|Any CPU.ActiveCfg = Release|x86
		{1441B880-C549-4341-A2AB-0D2547168344}.Raspberry PI 2|Any CPU.Build.0 = Release|x86
		{1441B880-C549-4341-A2AB-0D2547168344}.Raspberry PI 2|Any CPU.Deploy.0 = Release|x86
		{1441B880-C549-4341-A2AB-0D2547168344}.Raspberry PI 2|ARM.ActiveCfg = Release|ARM
		{1441B880-C549-4341-A2AB-0D2547168344}.Raspberry PI 2|ARM.Build.0 = Release|ARM
		{1441B880-C549-4341-A2AB-0D2547168344}.Raspberry PI 2|ARM.Deploy.0 = Release|ARM
		{1441B880-C549-4341-A2AB-0D2547168344}.Raspberry PI 2|x64.ActiveCfg = Release|x64
		{1441B880-C549-4341-A2AB-0D2547168344}.Raspberry PI 2|x64.Build.0 = Release|x64
		{1441B880-C549-4341-A2AB-0D2547168344}.Raspberry PI 2|x64.Deploy.0 = Release|x64
		{1441B880-C549-4341-A2AB-0D2547168344}.Raspberry PI 2|x86.ActiveCfg = Release|x86
		{1441B880-C549-4341-A2AB-0D2547168344}.Raspberry PI 2|x86.Build.0 = Release|x86
		{1441B880-C549-4341-A2AB-0D2547168344}.Raspberry PI 2|x86.Deploy.0 = Release|x86
		{1441B880-C549-4341-A2AB-0D2547168344}.Release|Any CPU.ActiveCfg = Release|x86
		{1441B880-C549-4341-A2AB-0D2547168344}.Release|ARM.ActiveCfg = Release|ARM
		{1441B880-C549-4341-A2AB-0D2547168344}.Release|ARM.Build.0 = Release|ARM
		{1441B880-C549-4341-A2AB-0D2547168344}.Release|ARM.Deploy.0 = Release|ARM
		{1441B880-C549-4341-A2AB-0D2547168344}.Release|x64.ActiveCfg = Release|x64
		{1441B880-C549-4341-A2AB-0D2547168344}.Release|x64.Build.0 = Release|x64
		{1441B880-C549-4341-A2AB-0D2547168344}.Release|x64.Deploy.0 = Release|x64
		{1441B880-C549-4341-A2AB-0D2547168344}.Release|x86.ActiveCfg = Release|x86
		{1441B880-C549-4341-A2AB-0D2547168344}.Release|x86.Build.0 = Release|x86
		{1441B880-C549-4341-A2AB-0D2547168344}.Release|x86.Deploy.0 = Release|x86
		{56AFB48A-757D-4D14-A001-E5F92EC4EE66}.Debug|Any CPU.ActiveCfg = Debug|Win32
		{56AFB48A-757D-4D14-A001-E5F92EC4EE66}.Debug|ARM.ActiveCfg = Debug|Win32
		{56AFB48A-757D-4D14-A001-E5F92EC4EE66}.Debug|x64.ActiveCfg = Debug|x64
		{56AFB48A-757D-4D14-A001-E5F92EC4EE66}.Debug|x64.Build.0 = Debug|x64
		{56AFB48A-757D-4D14-A001-E5F92EC4EE66}.Debug|x86.ActiveCfg = Debug|Win32
		{56AFB48A-757D-4D14-A001-E5F92EC4EE66}.Debug|x86.Build.0 = Debug|Win32
		{56AFB48A-757D-4D14-A001-E5F92EC4EE66}.Raspberry PI 2|Any CPU.ActiveCfg = Release|x64
		{56AFB48A-757D-4D14-A001-E5F92EC4EE66}.Raspberry PI 2|Any CPU.Build.0 = Release|x64
		{56AFB48A-757D-4D14-A001-E5F92EC4EE66}.Raspberry PI 2|ARM.ActiveCfg = Release|x64
		{56AFB48A-757D-4D14-A001-E5F92EC4EE66}.Raspberry PI 2|ARM.Build.0 = Release|x64
		{56AFB48A-757D-4D14-A001-E5F92EC4EE66}.Raspberry PI 2|x64.ActiveCfg = Release|x64
		{56AFB48A-757D-4D14-A001-E5F92EC4EE66}.Raspberry PI 2|x64.Build.0 = Release|x64
		{56AFB48A-757D-4D14-A001-E5F92EC4EE66}.Raspberry PI 2|x86.ActiveCfg = Release|Win32
		{56AFB48A-757D-4D14-A001-E5F92EC4EE66}.Raspberry PI 2|x86.Build.0 = Release|Win32
		{56AFB48A-757D-4D14-A001-E5F92EC4EE66}.Release|Any CPU.ActiveCfg = Release|Win32
		{56AFB48A-757D-4D14-A001-E5F92EC4EE66}.Release|ARM.ActiveCfg = Release|Win32
		{56AFB48A-757D-4D14-A001-E5F92EC4EE66}.Release|x64.ActiveCfg = Release|x64
		{56AFB48A-757D-4D14-A001-E5F92EC4EE66}.Release|x64.Build.0 = Release|x64
		{56AFB48A-757D-4D14-A001-E5F92EC4EE66}.Release|x86.ActiveCfg = Release|Win32
		{56AFB48A-757D-4D14-A001-E5F92EC4EE66}.Release|x86.Build.0 = Release|Win32
	EndGlobalSection
	GlobalSection(SolutionProperties) = preSolution
		HideSolutionNode = FALSE
	EndGlobalSection
EndGlobal
